# THIS IS AN AUTOGENERATED FILE. DO NOT EDIT THIS FILE DIRECTLY.
# yarn lockfile v1


luxon@^3.1.0:
  version "3.1.0"
  resolved "https://registry.yarnpkg.com/luxon/-/luxon-3.1.0.tgz#9ac33d7142b7ea18d4ec8583cdeb0b079abef60d"
  integrity sha512-7w6hmKC0/aoWnEsmPCu5Br54BmbmUp5GfcqBxQngRcXJ+q5fdfjEzn7dxmJh2YdDhgW8PccYtlWKSv4tQkrTQg==
